
Microsoft Visual Studio Solution File, Format Version 12.00
# Visual Studio Version 17
VisualStudioVersion = 17.8.34525.116
MinimumVisualStudioVersion = 10.0.40219.1
Project("{FAE04EC0-301F-11D3-BF4B-00C04F79EFBC}") = "StageSyncApp", "StageSyncApp\StageSyncApp.csproj", "{FEB6A021-BB0B-4599-B5E1-A781167F84F6}"
EndProject
Global
	GlobalSection(SolutionConfigurationPlatforms) = preSolution
		Debug|Any CPU = Debug|Any CPU
		Release|Any CPU = Release|Any CPU
	EndGlobalSection
	GlobalSection(ProjectConfigurationPlatforms) = postSolution
		{FEB6A021-BB0B-4599-B5E1-A781167F84F6}.Debug|Any CPU.ActiveCfg = Debug|Any CPU
		{FEB6A021-BB0B-4599-B5E1-A781167F84F6}.Debug|Any CPU.Build.0 = Debug|Any CPU
		{FEB6A021-BB0B-4599-B5E1-A781167F84F6}.Release|Any CPU.ActiveCfg = Release|Any CPU
		{FEB6A021-BB0B-4599-B5E1-A781167F84F6}.Release|Any CPU.Build.0 = Release|Any CPU
	EndGlobalSection
	GlobalSection(SolutionProperties) = preSolution
		HideSolutionNode = FALSE
	EndGlobalSection
	GlobalSection(ExtensibilityGlobals) = postSolution
		SolutionGuid = {33469FBC-B3F7-4154-9797-0C5685D9E438}
	EndGlobalSection
EndGlobal
